
Microsoft Visual Studio Solution File, Format Version 12.00
# Visual Studio 14
VisualStudioVersion = 14.0.22823.1
MinimumVisualStudioVersion = 10.0.40219.1
Project("{FAE04EC0-301F-11D3-BF4B-00C04F79EFBC}") = "StringUtilities", "StringUtilities\StringUtilities.csproj", "{C7C0A081-E05C-4F83-AA03-1FD0D8F0FFF7}"
EndProject
Project("{2150E333-8FDC-42A3-9474-1A3956D46DE8}") = "Scripts", "Scripts", "{2F220DF2-56F4-4E08-8B20-744650FD7BD6}"
	ProjectSection(SolutionItems) = preProject
		Scripts\CleanUp.sql = Scripts\CleanUp.sql
		Scripts\Install.sql = Scripts\Install.sql
		Scripts\Test.sql = Scripts\Test.sql
	EndProjectSection
EndProject
Global
	GlobalSection(SolutionConfigurationPlatforms) = preSolution
		Debug|Any CPU = Debug|Any CPU
		Release|Any CPU = Release|Any CPU
	EndGlobalSection
	GlobalSection(ProjectConfigurationPlatforms) = postSolution
		{C7C0A081-E05C-4F83-AA03-1FD0D8F0FFF7}.Debug|Any CPU.ActiveCfg = Debug|Any CPU
		{C7C0A081-E05C-4F83-AA03-1FD0D8F0FFF7}.Debug|Any CPU.Build.0 = Debug|Any CPU
		{C7C0A081-E05C-4F83-AA03-1FD0D8F0FFF7}.Release|Any CPU.ActiveCfg = Release|Any CPU
		{C7C0A081-E05C-4F83-AA03-1FD0D8F0FFF7}.Release|Any CPU.Build.0 = Release|Any CPU
	EndGlobalSection
	GlobalSection(SolutionProperties) = preSolution
		HideSolutionNode = FALSE
	EndGlobalSection
EndGlobal
